// !$*UTF8*$!
{
	archiveVersion = 1;
	classes = {
	};
	objectVersion = 56;
	objects = {

/* Begin PBXBuildFile section */
		D258171F2B56683F005B95FC /* AppDelegate.swift in Sources */ = {isa = PBXBuildFile; fileRef = D258171E2B56683F005B95FC /* AppDelegate.swift */; };
		D25817212B56683F005B95FC /* SceneDelegate.swift in Sources */ = {isa = PBXBuildFile; fileRef = D25817202B56683F005B95FC /* SceneDelegate.swift */; };
		D25817232B56683F005B95FC /* ViewController.swift in Sources */ = {isa = PBXBuildFile; fileRef = D25817222B56683F005B95FC /* ViewController.swift */; };
		D25817262B56683F005B95FC /* Main.storyboard in Resources */ = {isa = PBXBuildFile; fileRef = D25817242B56683F005B95FC /* Main.storyboard */; };
		D25817282B566841005B95FC /* Assets.xcassets in Resources */ = {isa = PBXBuildFile; fileRef = D25817272B566841005B95FC /* Assets.xcassets */; };
		D258172B2B566841005B95FC /* LaunchScreen.storyboard in Resources */ = {isa = PBXBuildFile; fileRef = D25817292B566841005B95FC /* LaunchScreen.storyboard */; };
		D25817342B5668EA005B95FC /* Lotto.storyboard in Resources */ = {isa = PBXBuildFile; fileRef = D25817332B5668EA005B95FC /* Lotto.storyboard */; };
		D25817362B5668FD005B95FC /* LottoViewController.swift in Sources */ = {isa = PBXBuildFile; fileRef = D25817352B5668FD005B95FC /* LottoViewController.swift */; };
		D25817382B56724E005B95FC /* LottoAPIManager.swift in Sources */ = {isa = PBXBuildFile; fileRef = D25817372B56724E005B95FC /* LottoAPIManager.swift */; };
		D258173B2B56726A005B95FC /* Alamofire in Frameworks */ = {isa = PBXBuildFile; productRef = D258173A2B56726A005B95FC /* Alamofire */; };
		D258173E2B567320005B95FC /* Lotto.swift in Sources */ = {isa = PBXBuildFile; fileRef = D258173D2B567320005B95FC /* Lotto.swift */; };
		D25817412B567E7E005B95FC /* Beer.storyboard in Resources */ = {isa = PBXBuildFile; fileRef = D25817402B567E7E005B95FC /* Beer.storyboard */; };
		D25817432B567E8D005B95FC /* RandomBeerViewController.swift in Sources */ = {isa = PBXBuildFile; fileRef = D25817422B567E8D005B95FC /* RandomBeerViewController.swift */; };
		D25817462B567EDD005B95FC /* BeerAPIManager.swift in Sources */ = {isa = PBXBuildFile; fileRef = D25817452B567EDD005B95FC /* BeerAPIManager.swift */; };
		D25817482B567F4A005B95FC /* Beer.swift in Sources */ = {isa = PBXBuildFile; fileRef = D25817472B567F4A005B95FC /* Beer.swift */; };
		D258174C2B568C03005B95FC /* Kingfisher in Frameworks */ = {isa = PBXBuildFile; productRef = D258174B2B568C03005B95FC /* Kingfisher */; };
		D25817552B56B58D005B95FC /* Protocol.swift in Sources */ = {isa = PBXBuildFile; fileRef = D25817542B56B58D005B95FC /* Protocol.swift */; };
		D25817572B56B5E7005B95FC /* UICollectionViewCell+Extension.swift in Sources */ = {isa = PBXBuildFile; fileRef = D25817562B56B5E7005B95FC /* UICollectionViewCell+Extension.swift */; };
		D25817592B56B9C9005B95FC /* UIView+Extension.swift in Sources */ = {isa = PBXBuildFile; fileRef = D25817582B56B9C9005B95FC /* UIView+Extension.swift */; };
		D258175B2B56BBBF005B95FC /* BeerListViewController.swift in Sources */ = {isa = PBXBuildFile; fileRef = D258175A2B56BBBF005B95FC /* BeerListViewController.swift */; };
		D287CC302B56C4FE00404F59 /* BeerListCollectionViewCell.swift in Sources */ = {isa = PBXBuildFile; fileRef = D287CC2E2B56C4FE00404F59 /* BeerListCollectionViewCell.swift */; };
		D287CC312B56C4FE00404F59 /* BeerListCollectionViewCell.xib in Resources */ = {isa = PBXBuildFile; fileRef = D287CC2F2B56C4FE00404F59 /* BeerListCollectionViewCell.xib */; };
		D2FB29AB2B56CAFF0084314E /* UIViewController+Extension.swift in Sources */ = {isa = PBXBuildFile; fileRef = D2FB29AA2B56CAFF0084314E /* UIViewController+Extension.swift */; };
/* End PBXBuildFile section */

/* Begin PBXFileReference section */
		D258171B2B56683F005B95FC /* NetworkPractice.app */ = {isa = PBXFileReference; explicitFileType = wrapper.application; includeInIndex = 0; path = NetworkPractice.app; sourceTree = BUILT_PRODUCTS_DIR; };
		D258171E2B56683F005B95FC /* AppDelegate.swift */ = {isa = PBXFileReference; lastKnownFileType = sourcecode.swift; path = AppDelegate.swift; sourceTree = "<group>"; };
		D25817202B56683F005B95FC /* SceneDelegate.swift */ = {isa = PBXFileReference; lastKnownFileType = sourcecode.swift; path = SceneDelegate.swift; sourceTree = "<group>"; };
		D25817222B56683F005B95FC /* ViewController.swift */ = {isa = PBXFileReference; lastKnownFileType = sourcecode.swift; path = ViewController.swift; sourceTree = "<group>"; };
		D25817252B56683F005B95FC /* Base */ = {isa = PBXFileReference; lastKnownFileType = file.storyboard; name = Base; path = Base.lproj/Main.storyboard; sourceTree = "<group>"; };
		D25817272B566841005B95FC /* Assets.xcassets */ = {isa = PBXFileReference; lastKnownFileType = folder.assetcatalog; path = Assets.xcassets; sourceTree = "<group>"; };
		D258172A2B566841005B95FC /* Base */ = {isa = PBXFileReference; lastKnownFileType = file.storyboard; name = Base; path = Base.lproj/LaunchScreen.storyboard; sourceTree = "<group>"; };
		D258172C2B566841005B95FC /* Info.plist */ = {isa = PBXFileReference; lastKnownFileType = text.plist.xml; path = Info.plist; sourceTree = "<group>"; };
		D25817332B5668EA005B95FC /* Lotto.storyboard */ = {isa = PBXFileReference; lastKnownFileType = file.storyboard; path = Lotto.storyboard; sourceTree = "<group>"; };
		D25817352B5668FD005B95FC /* LottoViewController.swift */ = {isa = PBXFileReference; lastKnownFileType = sourcecode.swift; path = LottoViewController.swift; sourceTree = "<group>"; };
		D25817372B56724E005B95FC /* LottoAPIManager.swift */ = {isa = PBXFileReference; lastKnownFileType = sourcecode.swift; path = LottoAPIManager.swift; sourceTree = "<group>"; };
		D258173D2B567320005B95FC /* Lotto.swift */ = {isa = PBXFileReference; lastKnownFileType = sourcecode.swift; path = Lotto.swift; sourceTree = "<group>"; };
		D25817402B567E7E005B95FC /* Beer.storyboard */ = {isa = PBXFileReference; lastKnownFileType = file.storyboard; path = Beer.storyboard; sourceTree = "<group>"; };
		D25817422B567E8D005B95FC /* RandomBeerViewController.swift */ = {isa = PBXFileReference; lastKnownFileType = sourcecode.swift; path = RandomBeerViewController.swift; sourceTree = "<group>"; };
		D25817452B567EDD005B95FC /* BeerAPIManager.swift */ = {isa = PBXFileReference; lastKnownFileType = sourcecode.swift; path = BeerAPIManager.swift; sourceTree = "<group>"; };
		D25817472B567F4A005B95FC /* Beer.swift */ = {isa = PBXFileReference; lastKnownFileType = sourcecode.swift; path = Beer.swift; sourceTree = "<group>"; };
		D25817542B56B58D005B95FC /* Protocol.swift */ = {isa = PBXFileReference; lastKnownFileType = sourcecode.swift; path = Protocol.swift; sourceTree = "<group>"; };
		D25817562B56B5E7005B95FC /* UICollectionViewCell+Extension.swift */ = {isa = PBXFileReference; lastKnownFileType = sourcecode.swift; path = "UICollectionViewCell+Extension.swift"; sourceTree = "<group>"; };
		D25817582B56B9C9005B95FC /* UIView+Extension.swift */ = {isa = PBXFileReference; lastKnownFileType = sourcecode.swift; path = "UIView+Extension.swift"; sourceTree = "<group>"; };
		D258175A2B56BBBF005B95FC /* BeerListViewController.swift */ = {isa = PBXFileReference; lastKnownFileType = sourcecode.swift; path = BeerListViewController.swift; sourceTree = "<group>"; };
		D287CC2E2B56C4FE00404F59 /* BeerListCollectionViewCell.swift */ = {isa = PBXFileReference; lastKnownFileType = sourcecode.swift; path = BeerListCollectionViewCell.swift; sourceTree = "<group>"; };
		D287CC2F2B56C4FE00404F59 /* BeerListCollectionViewCell.xib */ = {isa = PBXFileReference; lastKnownFileType = file.xib; path = BeerListCollectionViewCell.xib; sourceTree = "<group>"; };
		D2FB29AA2B56CAFF0084314E /* UIViewController+Extension.swift */ = {isa = PBXFileReference; lastKnownFileType = sourcecode.swift; path = "UIViewController+Extension.swift"; sourceTree = "<group>"; };
/* End PBXFileReference section */

/* Begin PBXFrameworksBuildPhase section */
		D25817182B56683F005B95FC /* Frameworks */ = {
			isa = PBXFrameworksBuildPhase;
			buildActionMask = 2147483647;
			files = (
				D258174C2B568C03005B95FC /* Kingfisher in Frameworks */,
				D258173B2B56726A005B95FC /* Alamofire in Frameworks */,
			);
			runOnlyForDeploymentPostprocessing = 0;
		};
/* End PBXFrameworksBuildPhase section */

/* Begin PBXGroup section */
		D25817122B56683F005B95FC = {
			isa = PBXGroup;
			children = (
				D258171D2B56683F005B95FC /* NetworkPractice */,
				D258171C2B56683F005B95FC /* Products */,
			);
			sourceTree = "<group>";
		};
		D258171C2B56683F005B95FC /* Products */ = {
			isa = PBXGroup;
			children = (
				D258171B2B56683F005B95FC /* NetworkPractice.app */,
			);
			name = Products;
			sourceTree = "<group>";
		};
		D258171D2B56683F005B95FC /* NetworkPractice */ = {
			isa = PBXGroup;
			children = (
				D25817532B56B504005B95FC /* Protocol */,
				D25817522B56B4FC005B95FC /* Extension */,
				D258173F2B567CC1005B95FC /* Beer */,
				D25817322B5668D2005B95FC /* Lotto */,
				D258171E2B56683F005B95FC /* AppDelegate.swift */,
				D25817202B56683F005B95FC /* SceneDelegate.swift */,
				D25817222B56683F005B95FC /* ViewController.swift */,
				D25817242B56683F005B95FC /* Main.storyboard */,
				D25817272B566841005B95FC /* Assets.xcassets */,
				D25817292B566841005B95FC /* LaunchScreen.storyboard */,
				D258172C2B566841005B95FC /* Info.plist */,
			);
			path = NetworkPractice;
			sourceTree = "<group>";
		};
		D25817322B5668D2005B95FC /* Lotto */ = {
			isa = PBXGroup;
			children = (
				D258173C2B5672F2005B95FC /* Model */,
				D25817332B5668EA005B95FC /* Lotto.storyboard */,
				D25817352B5668FD005B95FC /* LottoViewController.swift */,
				D25817372B56724E005B95FC /* LottoAPIManager.swift */,
			);
			path = Lotto;
			sourceTree = "<group>";
		};
		D258173C2B5672F2005B95FC /* Model */ = {
			isa = PBXGroup;
			children = (
				D258173D2B567320005B95FC /* Lotto.swift */,
			);
			path = Model;
			sourceTree = "<group>";
		};
		D258173F2B567CC1005B95FC /* Beer */ = {
			isa = PBXGroup;
			children = (
				D258174D2B56B4AF005B95FC /* Cell */,
				D25817442B567EBA005B95FC /* Model */,
				D25817402B567E7E005B95FC /* Beer.storyboard */,
				D25817422B567E8D005B95FC /* RandomBeerViewController.swift */,
				D25817452B567EDD005B95FC /* BeerAPIManager.swift */,
				D258175A2B56BBBF005B95FC /* BeerListViewController.swift */,
			);
			path = Beer;
			sourceTree = "<group>";
		};
		D25817442B567EBA005B95FC /* Model */ = {
			isa = PBXGroup;
			children = (
				D25817472B567F4A005B95FC /* Beer.swift */,
			);
			path = Model;
			sourceTree = "<group>";
		};
		D258174D2B56B4AF005B95FC /* Cell */ = {
			isa = PBXGroup;
			children = (
				D287CC2E2B56C4FE00404F59 /* BeerListCollectionViewCell.swift */,
				D287CC2F2B56C4FE00404F59 /* BeerListCollectionViewCell.xib */,
			);
			path = Cell;
			sourceTree = "<group>";
		};
		D25817522B56B4FC005B95FC /* Extension */ = {
			isa = PBXGroup;
			children = (
				D25817562B56B5E7005B95FC /* UICollectionViewCell+Extension.swift */,
				D25817582B56B9C9005B95FC /* UIView+Extension.swift */,
				D2FB29AA2B56CAFF0084314E /* UIViewController+Extension.swift */,
			);
			path = Extension;
			sourceTree = "<group>";
		};
		D25817532B56B504005B95FC /* Protocol */ = {
			isa = PBXGroup;
			children = (
				D25817542B56B58D005B95FC /* Protocol.swift */,
			);
			path = Protocol;
			sourceTree = "<group>";
		};
/* End PBXGroup section */

/* Begin PBXNativeTarget section */
		D258171A2B56683F005B95FC /* NetworkPractice */ = {
			isa = PBXNativeTarget;
			buildConfigurationList = D258172F2B566841005B95FC /* Build configuration list for PBXNativeTarget "NetworkPractice" */;
			buildPhases = (
				D25817172B56683F005B95FC /* Sources */,
				D25817182B56683F005B95FC /* Frameworks */,
				D25817192B56683F005B95FC /* Resources */,
			);
			buildRules = (
			);
			dependencies = (
			);
			name = NetworkPractice;
			packageProductDependencies = (
				D258173A2B56726A005B95FC /* Alamofire */,
				D258174B2B568C03005B95FC /* Kingfisher */,
			);
			productName = NetworkPractice;
			productReference = D258171B2B56683F005B95FC /* NetworkPractice.app */;
			productType = "com.apple.product-type.application";
		};
/* End PBXNativeTarget section */

/* Begin PBXProject section */
		D25817132B56683F005B95FC /* Project object */ = {
			isa = PBXProject;
			attributes = {
				BuildIndependentTargetsInParallel = 1;
				LastSwiftUpdateCheck = 1510;
				LastUpgradeCheck = 1510;
				TargetAttributes = {
					D258171A2B56683F005B95FC = {
						CreatedOnToolsVersion = 15.1;
					};
				};
			};
			buildConfigurationList = D25817162B56683F005B95FC /* Build configuration list for PBXProject "NetworkPractice" */;
			compatibilityVersion = "Xcode 14.0";
			developmentRegion = en;
			hasScannedForEncodings = 0;
			knownRegions = (
				en,
				Base,
			);
			mainGroup = D25817122B56683F005B95FC;
			packageReferences = (
				D25817392B56726A005B95FC /* XCRemoteSwiftPackageReference "Alamofire" */,
				D258174A2B568C03005B95FC /* XCRemoteSwiftPackageReference "Kingfisher" */,
			);
			productRefGroup = D258171C2B56683F005B95FC /* Products */;
			projectDirPath = "";
			projectRoot = "";
			targets = (
				D258171A2B56683F005B95FC /* NetworkPractice */,
			);
		};
/* End PBXProject section */

/* Begin PBXResourcesBuildPhase section */
		D25817192B56683F005B95FC /* Resources */ = {
			isa = PBXResourcesBuildPhase;
			buildActionMask = 2147483647;
			files = (
				D287CC312B56C4FE00404F59 /* BeerListCollectionViewCell.xib in Resources */,
				D258172B2B566841005B95FC /* LaunchScreen.storyboard in Resources */,
				D25817412B567E7E005B95FC /* Beer.storyboard in Resources */,
				D25817342B5668EA005B95FC /* Lotto.storyboard in Resources */,
				D25817282B566841005B95FC /* Assets.xcassets in Resources */,
				D25817262B56683F005B95FC /* Main.storyboard in Resources */,
			);
			runOnlyForDeploymentPostprocessing = 0;
		};
/* End PBXResourcesBuildPhase section */

/* Begin PBXSourcesBuildPhase section */
		D25817172B56683F005B95FC /* Sources */ = {
			isa = PBXSourcesBuildPhase;
			buildActionMask = 2147483647;
			files = (
				D258173E2B567320005B95FC /* Lotto.swift in Sources */,
				D25817592B56B9C9005B95FC /* UIView+Extension.swift in Sources */,
				D258175B2B56BBBF005B95FC /* BeerListViewController.swift in Sources */,
				D2FB29AB2B56CAFF0084314E /* UIViewController+Extension.swift in Sources */,
				D25817482B567F4A005B95FC /* Beer.swift in Sources */,
				D25817432B567E8D005B95FC /* RandomBeerViewController.swift in Sources */,
				D25817462B567EDD005B95FC /* BeerAPIManager.swift in Sources */,
				D25817232B56683F005B95FC /* ViewController.swift in Sources */,
				D25817552B56B58D005B95FC /* Protocol.swift in Sources */,
				D25817382B56724E005B95FC /* LottoAPIManager.swift in Sources */,
				D25817572B56B5E7005B95FC /* UICollectionViewCell+Extension.swift in Sources */,
				D287CC302B56C4FE00404F59 /* BeerListCollectionViewCell.swift in Sources */,
				D25817362B5668FD005B95FC /* LottoViewController.swift in Sources */,
				D258171F2B56683F005B95FC /* AppDelegate.swift in Sources */,
				D25817212B56683F005B95FC /* SceneDelegate.swift in Sources */,
			);
			runOnlyForDeploymentPostprocessing = 0;
		};
/* End PBXSourcesBuildPhase section */

/* Begin PBXVariantGroup section */
		D25817242B56683F005B95FC /* Main.storyboard */ = {
			isa = PBXVariantGroup;
			children = (
				D25817252B56683F005B95FC /* Base */,
			);
			name = Main.storyboard;
			sourceTree = "<group>";
		};
		D25817292B566841005B95FC /* LaunchScreen.storyboard */ = {
			isa = PBXVariantGroup;
			children = (
				D258172A2B566841005B95FC /* Base */,
			);
			name = LaunchScreen.storyboard;
			sourceTree = "<group>";
		};
/* End PBXVariantGroup section */

/* Begin XCBuildConfiguration section */
		D258172D2B566841005B95FC /* Debug */ = {
			isa = XCBuildConfiguration;
			buildSettings = {
				ALWAYS_SEARCH_USER_PATHS = NO;
				ASSETCATALOG_COMPILER_GENERATE_SWIFT_ASSET_SYMBOL_EXTENSIONS = YES;
				CLANG_ANALYZER_NONNULL = YES;
				CLANG_ANALYZER_NUMBER_OBJECT_CONVERSION = YES_AGGRESSIVE;
				CLANG_CXX_LANGUAGE_STANDARD = "gnu++20";
				CLANG_ENABLE_MODULES = YES;
				CLANG_ENABLE_OBJC_ARC = YES;
				CLANG_ENABLE_OBJC_WEAK = YES;
				CLANG_WARN_BLOCK_CAPTURE_AUTORELEASING = YES;
				CLANG_WARN_BOOL_CONVERSION = YES;
				CLANG_WARN_COMMA = YES;
				CLANG_WARN_CONSTANT_CONVERSION = YES;
				CLANG_WARN_DEPRECATED_OBJC_IMPLEMENTATIONS = YES;
				CLANG_WARN_DIRECT_OBJC_ISA_USAGE = YES_ERROR;
				CLANG_WARN_DOCUMENTATION_COMMENTS = YES;
				CLANG_WARN_EMPTY_BODY = YES;
				CLANG_WARN_ENUM_CONVERSION = YES;
				CLANG_WARN_INFINITE_RECURSION = YES;
				CLANG_WARN_INT_CONVERSION = YES;
				CLANG_WARN_NON_LITERAL_NULL_CONVERSION = YES;
				CLANG_WARN_OBJC_IMPLICIT_RETAIN_SELF = YES;
				CLANG_WARN_OBJC_LITERAL_CONVERSION = YES;
				CLANG_WARN_OBJC_ROOT_CLASS = YES_ERROR;
				CLANG_WARN_QUOTED_INCLUDE_IN_FRAMEWORK_HEADER = YES;
				CLANG_WARN_RANGE_LOOP_ANALYSIS = YES;
				CLANG_WARN_STRICT_PROTOTYPES = YES;
				CLANG_WARN_SUSPICIOUS_MOVE = YES;
				CLANG_WARN_UNGUARDED_AVAILABILITY = YES_AGGRESSIVE;
				CLANG_WARN_UNREACHABLE_CODE = YES;
				CLANG_WARN__DUPLICATE_METHOD_MATCH = YES;
				COPY_PHASE_STRIP = NO;
				DEBUG_INFORMATION_FORMAT = dwarf;
				ENABLE_STRICT_OBJC_MSGSEND = YES;
				ENABLE_TESTABILITY = YES;
				ENABLE_USER_SCRIPT_SANDBOXING = YES;
				GCC_C_LANGUAGE_STANDARD = gnu17;
				GCC_DYNAMIC_NO_PIC = NO;
				GCC_NO_COMMON_BLOCKS = YES;
				GCC_OPTIMIZATION_LEVEL = 0;
				GCC_PREPROCESSOR_DEFINITIONS = (
					"DEBUG=1",
					"$(inherited)",
				);
				GCC_WARN_64_TO_32_BIT_CONVERSION = YES;
				GCC_WARN_ABOUT_RETURN_TYPE = YES_ERROR;
				GCC_WARN_UNDECLARED_SELECTOR = YES;
				GCC_WARN_UNINITIALIZED_AUTOS = YES_AGGRESSIVE;
				GCC_WARN_UNUSED_FUNCTION = YES;
				GCC_WARN_UNUSED_VARIABLE = YES;
				IPHONEOS_DEPLOYMENT_TARGET = 17.2;
				LOCALIZATION_PREFERS_STRING_CATALOGS = YES;
				MTL_ENABLE_DEBUG_INFO = INCLUDE_SOURCE;
				MTL_FAST_MATH = YES;
				ONLY_ACTIVE_ARCH = YES;
				SDKROOT = iphoneos;
				SWIFT_ACTIVE_COMPILATION_CONDITIONS = "DEBUG $(inherited)";
				SWIFT_OPTIMIZATION_LEVEL = "-Onone";
			};
			name = Debug;
		};
		D258172E2B566841005B95FC /* Release */ = {
			isa = XCBuildConfiguration;
			buildSettings = {
				ALWAYS_SEARCH_USER_PATHS = NO;
				ASSETCATALOG_COMPILER_GENERATE_SWIFT_ASSET_SYMBOL_EXTENSIONS = YES;
				CLANG_ANALYZER_NONNULL = YES;
				CLANG_ANALYZER_NUMBER_OBJECT_CONVERSION = YES_AGGRESSIVE;
				CLANG_CXX_LANGUAGE_STANDARD = "gnu++20";
				CLANG_ENABLE_MODULES = YES;
				CLANG_ENABLE_OBJC_ARC = YES;
				CLANG_ENABLE_OBJC_WEAK = YES;
				CLANG_WARN_BLOCK_CAPTURE_AUTORELEASING = YES;
				CLANG_WARN_BOOL_CONVERSION = YES;
				CLANG_WARN_COMMA = YES;
				CLANG_WARN_CONSTANT_CONVERSION = YES;
				CLANG_WARN_DEPRECATED_OBJC_IMPLEMENTATIONS = YES;
				CLANG_WARN_DIRECT_OBJC_ISA_USAGE = YES_ERROR;
				CLANG_WARN_DOCUMENTATION_COMMENTS = YES;
				CLANG_WARN_EMPTY_BODY = YES;
				CLANG_WARN_ENUM_CONVERSION = YES;
				CLANG_WARN_INFINITE_RECURSION = YES;
				CLANG_WARN_INT_CONVERSION = YES;
				CLANG_WARN_NON_LITERAL_NULL_CONVERSION = YES;
				CLANG_WARN_OBJC_IMPLICIT_RETAIN_SELF = YES;
				CLANG_WARN_OBJC_LITERAL_CONVERSION = YES;
				CLANG_WARN_OBJC_ROOT_CLASS = YES_ERROR;
				CLANG_WARN_QUOTED_INCLUDE_IN_FRAMEWORK_HEADER = YES;
				CLANG_WARN_RANGE_LOOP_ANALYSIS = YES;
				CLANG_WARN_STRICT_PROTOTYPES = YES;
				CLANG_WARN_SUSPICIOUS_MOVE = YES;
				CLANG_WARN_UNGUARDED_AVAILABILITY = YES_AGGRESSIVE;
				CLANG_WARN_UNREACHABLE_CODE = YES;
				CLANG_WARN__DUPLICATE_METHOD_MATCH = YES;
				COPY_PHASE_STRIP = NO;
				DEBUG_INFORMATION_FORMAT = "dwarf-with-dsym";
				ENABLE_NS_ASSERTIONS = NO;
				ENABLE_STRICT_OBJC_MSGSEND = YES;
				ENABLE_USER_SCRIPT_SANDBOXING = YES;
				GCC_C_LANGUAGE_STANDARD = gnu17;
				GCC_NO_COMMON_BLOCKS = YES;
				GCC_WARN_64_TO_32_BIT_CONVERSION = YES;
				GCC_WARN_ABOUT_RETURN_TYPE = YES_ERROR;
				GCC_WARN_UNDECLARED_SELECTOR = YES;
				GCC_WARN_UNINITIALIZED_AUTOS = YES_AGGRESSIVE;
				GCC_WARN_UNUSED_FUNCTION = YES;
				GCC_WARN_UNUSED_VARIABLE = YES;
				IPHONEOS_DEPLOYMENT_TARGET = 17.2;
				LOCALIZATION_PREFERS_STRING_CATALOGS = YES;
				MTL_ENABLE_DEBUG_INFO = NO;
				MTL_FAST_MATH = YES;
				SDKROOT = iphoneos;
				SWIFT_COMPILATION_MODE = wholemodule;
				VALIDATE_PRODUCT = YES;
			};
			name = Release;
		};
		D25817302B566841005B95FC /* Debug */ = {
			isa = XCBuildConfiguration;
			buildSettings = {
				ASSETCATALOG_COMPILER_APPICON_NAME = AppIcon;
				ASSETCATALOG_COMPILER_GLOBAL_ACCENT_COLOR_NAME = AccentColor;
				CODE_SIGN_STYLE = Automatic;
				CURRENT_PROJECT_VERSION = 1;
				DEVELOPMENT_TEAM = 7TH7TS2438;
				GENERATE_INFOPLIST_FILE = YES;
				INFOPLIST_FILE = NetworkPractice/Info.plist;
				INFOPLIST_KEY_UIApplicationSupportsIndirectInputEvents = YES;
				INFOPLIST_KEY_UILaunchStoryboardName = LaunchScreen;
				INFOPLIST_KEY_UIMainStoryboardFile = Main;
				INFOPLIST_KEY_UISupportedInterfaceOrientations = UIInterfaceOrientationPortrait;
				INFOPLIST_KEY_UISupportedInterfaceOrientations_iPad = "UIInterfaceOrientationLandscapeLeft UIInterfaceOrientationLandscapeRight UIInterfaceOrientationPortrait UIInterfaceOrientationPortraitUpsideDown";
				IPHONEOS_DEPLOYMENT_TARGET = 17.0;
				LD_RUNPATH_SEARCH_PATHS = (
					"$(inherited)",
					"@executable_path/Frameworks",
				);
				MARKETING_VERSION = 1.0;
				PRODUCT_BUNDLE_IDENTIFIER = com.jaehee.NetworkPractice;
				PRODUCT_NAME = "$(TARGET_NAME)";
				SUPPORTED_PLATFORMS = "iphoneos iphonesimulator";
				SUPPORTS_MACCATALYST = NO;
				SUPPORTS_MAC_DESIGNED_FOR_IPHONE_IPAD = NO;
				SWIFT_EMIT_LOC_STRINGS = YES;
				SWIFT_VERSION = 5.0;
				TARGETED_DEVICE_FAMILY = 1;
			};
			name = Debug;
		};
		D25817312B566841005B95FC /* Release */ = {
			isa = XCBuildConfiguration;
			buildSettings = {
				ASSETCATALOG_COMPILER_APPICON_NAME = AppIcon;
				ASSETCATALOG_COMPILER_GLOBAL_ACCENT_COLOR_NAME = AccentColor;
				CODE_SIGN_STYLE = Automatic;
				CURRENT_PROJECT_VERSION = 1;
				DEVELOPMENT_TEAM = 7TH7TS2438;
				GENERATE_INFOPLIST_FILE = YES;
				INFOPLIST_FILE = NetworkPractice/Info.plist;
				INFOPLIST_KEY_UIApplicationSupportsIndirectInputEvents = YES;
				INFOPLIST_KEY_UILaunchStoryboardName = LaunchScreen;
				INFOPLIST_KEY_UIMainStoryboardFile = Main;
				INFOPLIST_KEY_UISupportedInterfaceOrientations = UIInterfaceOrientationPortrait;
				INFOPLIST_KEY_UISupportedInterfaceOrientations_iPad = "UIInterfaceOrientationLandscapeLeft UIInterfaceOrientationLandscapeRight UIInterfaceOrientationPortrait UIInterfaceOrientationPortraitUpsideDown";
				IPHONEOS_DEPLOYMENT_TARGET = 17.0;
				LD_RUNPATH_SEARCH_PATHS = (
					"$(inherited)",
					"@executable_path/Frameworks",
				);
				MARKETING_VERSION = 1.0;
				PRODUCT_BUNDLE_IDENTIFIER = com.jaehee.NetworkPractice;
				PRODUCT_NAME = "$(TARGET_NAME)";
				SUPPORTED_PLATFORMS = "iphoneos iphonesimulator";
				SUPPORTS_MACCATALYST = NO;
				SUPPORTS_MAC_DESIGNED_FOR_IPHONE_IPAD = NO;
				SWIFT_EMIT_LOC_STRINGS = YES;
				SWIFT_VERSION = 5.0;
				TARGETED_DEVICE_FAMILY = 1;
			};
			name = Release;
		};
/* End XCBuildConfiguration section */

/* Begin XCConfigurationList section */
		D25817162B56683F005B95FC /* Build configuration list for PBXProject "NetworkPractice" */ = {
			isa = XCConfigurationList;
			buildConfigurations = (
				D258172D2B566841005B95FC /* Debug */,
				D258172E2B566841005B95FC /* Release */,
			);
			defaultConfigurationIsVisible = 0;
			defaultConfigurationName = Release;
		};
		D258172F2B566841005B95FC /* Build configuration list for PBXNativeTarget "NetworkPractice" */ = {
			isa = XCConfigurationList;
			buildConfigurations = (
				D25817302B566841005B95FC /* Debug */,
				D25817312B566841005B95FC /* Release */,
			);
			defaultConfigurationIsVisible = 0;
			defaultConfigurationName = Release;
		};
/* End XCConfigurationList section */

/* Begin XCRemoteSwiftPackageReference section */
		D25817392B56726A005B95FC /* XCRemoteSwiftPackageReference "Alamofire" */ = {
			isa = XCRemoteSwiftPackageReference;
			repositoryURL = "https://github.com/Alamofire/Alamofire";
			requirement = {
				kind = upToNextMajorVersion;
				minimumVersion = 5.8.1;
			};
		};
		D258174A2B568C03005B95FC /* XCRemoteSwiftPackageReference "Kingfisher" */ = {
			isa = XCRemoteSwiftPackageReference;
			repositoryURL = "https://github.com/onevcat/Kingfisher";
			requirement = {
				kind = upToNextMajorVersion;
				minimumVersion = 7.10.2;
			};
		};
/* End XCRemoteSwiftPackageReference section */

/* Begin XCSwiftPackageProductDependency section */
		D258173A2B56726A005B95FC /* Alamofire */ = {
			isa = XCSwiftPackageProductDependency;
			package = D25817392B56726A005B95FC /* XCRemoteSwiftPackageReference "Alamofire" */;
			productName = Alamofire;
		};
		D258174B2B568C03005B95FC /* Kingfisher */ = {
			isa = XCSwiftPackageProductDependency;
			package = D258174A2B568C03005B95FC /* XCRemoteSwiftPackageReference "Kingfisher" */;
			productName = Kingfisher;
		};
/* End XCSwiftPackageProductDependency section */
	};
	rootObject = D25817132B56683F005B95FC /* Project object */;
}
